// !$*UTF8*$!
{
	archiveVersion = 1;
	classes = {
	};
	objectVersion = 46;
	objects = {

/* Begin PBXBuildFile section */
		960195891A93105800B8ED89 /* AddNewPurchaseViewController.m in Sources */ = {isa = PBXBuildFile; fileRef = 960195881A93105800B8ED89 /* AddNewPurchaseViewController.m */; };
		9601958C1A934DC600B8ED89 /* CardViewController.m in Sources */ = {isa = PBXBuildFile; fileRef = 9601958B1A934DC600B8ED89 /* CardViewController.m */; };
		9601958F1A934DEB00B8ED89 /* AddCardViewController.m in Sources */ = {isa = PBXBuildFile; fileRef = 9601958E1A934DEB00B8ED89 /* AddCardViewController.m */; };
		960195951A93526B00B8ED89 /* AddReceiverViewController.m in Sources */ = {isa = PBXBuildFile; fileRef = 960195941A93526B00B8ED89 /* AddReceiverViewController.m */; };
		9603B9161A9F5B33004F9BFA /* ReceiverViewController.m in Sources */ = {isa = PBXBuildFile; fileRef = 960195911A93525200B8ED89 /* ReceiverViewController.m */; };
		9632B9991A92FC0B00571DE3 /* PurchaseViewController.m in Sources */ = {isa = PBXBuildFile; fileRef = 9632B9981A92FC0B00571DE3 /* PurchaseViewController.m */; };
		9632B99C1A93003600571DE3 /* TableViewCellPurchase.m in Sources */ = {isa = PBXBuildFile; fileRef = 9632B99B1A93003600571DE3 /* TableViewCellPurchase.m */; };
		963DB6C91A92160100B72CA5 /* main.m in Sources */ = {isa = PBXBuildFile; fileRef = 963DB6C81A92160100B72CA5 /* main.m */; };
		963DB6CC1A92160100B72CA5 /* AppDelegate.m in Sources */ = {isa = PBXBuildFile; fileRef = 963DB6CB1A92160100B72CA5 /* AppDelegate.m */; };
		963DB6CF1A92160100B72CA5 /* PurchaseD.xcdatamodeld in Sources */ = {isa = PBXBuildFile; fileRef = 963DB6CD1A92160100B72CA5 /* PurchaseD.xcdatamodeld */; };
		963DB6D51A92160100B72CA5 /* Main.storyboard in Resources */ = {isa = PBXBuildFile; fileRef = 963DB6D31A92160100B72CA5 /* Main.storyboard */; };
		963DB6D71A92160100B72CA5 /* Images.xcassets in Resources */ = {isa = PBXBuildFile; fileRef = 963DB6D61A92160100B72CA5 /* Images.xcassets */; };
		963DB6DA1A92160100B72CA5 /* LaunchScreen.xib in Resources */ = {isa = PBXBuildFile; fileRef = 963DB6D81A92160100B72CA5 /* LaunchScreen.xib */; };
		963DB6E61A92160100B72CA5 /* PurchaseDTests.m in Sources */ = {isa = PBXBuildFile; fileRef = 963DB6E51A92160100B72CA5 /* PurchaseDTests.m */; };
/* End PBXBuildFile section */

/* Begin PBXContainerItemProxy section */
		963DB6E01A92160100B72CA5 /* PBXContainerItemProxy */ = {
			isa = PBXContainerItemProxy;
			containerPortal = 963DB6BB1A92160100B72CA5 /* Project object */;
			proxyType = 1;
			remoteGlobalIDString = 963DB6C21A92160100B72CA5;
			remoteInfo = PurchaseD;
		};
/* End PBXContainerItemProxy section */

/* Begin PBXFileReference section */
		960195871A93105800B8ED89 /* AddNewPurchaseViewController.h */ = {isa = PBXFileReference; fileEncoding = 4; lastKnownFileType = sourcecode.c.h; path = AddNewPurchaseViewController.h; sourceTree = "<group>"; };
		960195881A93105800B8ED89 /* AddNewPurchaseViewController.m */ = {isa = PBXFileReference; fileEncoding = 4; lastKnownFileType = sourcecode.c.objc; path = AddNewPurchaseViewController.m; sourceTree = "<group>"; };
		9601958A1A934DC600B8ED89 /* CardViewController.h */ = {isa = PBXFileReference; fileEncoding = 4; lastKnownFileType = sourcecode.c.h; path = CardViewController.h; sourceTree = "<group>"; };
		9601958B1A934DC600B8ED89 /* CardViewController.m */ = {isa = PBXFileReference; fileEncoding = 4; lastKnownFileType = sourcecode.c.objc; path = CardViewController.m; sourceTree = "<group>"; };
		9601958D1A934DEB00B8ED89 /* AddCardViewController.h */ = {isa = PBXFileReference; fileEncoding = 4; lastKnownFileType = sourcecode.c.h; path = AddCardViewController.h; sourceTree = "<group>"; };
		9601958E1A934DEB00B8ED89 /* AddCardViewController.m */ = {isa = PBXFileReference; fileEncoding = 4; lastKnownFileType = sourcecode.c.objc; path = AddCardViewController.m; sourceTree = "<group>"; };
		960195901A93525200B8ED89 /* ReceiverViewController.h */ = {isa = PBXFileReference; fileEncoding = 4; lastKnownFileType = sourcecode.c.h; path = ReceiverViewController.h; sourceTree = "<group>"; };
		960195911A93525200B8ED89 /* ReceiverViewController.m */ = {isa = PBXFileReference; fileEncoding = 4; lastKnownFileType = sourcecode.c.objc; path = ReceiverViewController.m; sourceTree = "<group>"; };
		960195931A93526B00B8ED89 /* AddReceiverViewController.h */ = {isa = PBXFileReference; fileEncoding = 4; lastKnownFileType = sourcecode.c.h; path = AddReceiverViewController.h; sourceTree = "<group>"; };
		960195941A93526B00B8ED89 /* AddReceiverViewController.m */ = {isa = PBXFileReference; fileEncoding = 4; lastKnownFileType = sourcecode.c.objc; path = AddReceiverViewController.m; sourceTree = "<group>"; };
		9632B9971A92FC0B00571DE3 /* PurchaseViewController.h */ = {isa = PBXFileReference; fileEncoding = 4; lastKnownFileType = sourcecode.c.h; name = PurchaseViewController.h; path = ../PurchaseViewController.h; sourceTree = "<group>"; };
		9632B9981A92FC0B00571DE3 /* PurchaseViewController.m */ = {isa = PBXFileReference; fileEncoding = 4; lastKnownFileType = sourcecode.c.objc; name = PurchaseViewController.m; path = ../PurchaseViewController.m; sourceTree = "<group>"; };
		9632B99A1A93003600571DE3 /* TableViewCellPurchase.h */ = {isa = PBXFileReference; fileEncoding = 4; lastKnownFileType = sourcecode.c.h; path = TableViewCellPurchase.h; sourceTree = "<group>"; };
		9632B99B1A93003600571DE3 /* TableViewCellPurchase.m */ = {isa = PBXFileReference; fileEncoding = 4; lastKnownFileType = sourcecode.c.objc; path = TableViewCellPurchase.m; sourceTree = "<group>"; };
		963DB6C31A92160100B72CA5 /* PurchaseD.app */ = {isa = PBXFileReference; explicitFileType = wrapper.application; includeInIndex = 0; path = PurchaseD.app; sourceTree = BUILT_PRODUCTS_DIR; };
		963DB6C71A92160100B72CA5 /* Info.plist */ = {isa = PBXFileReference; lastKnownFileType = text.plist.xml; path = Info.plist; sourceTree = "<group>"; };
		963DB6C81A92160100B72CA5 /* main.m */ = {isa = PBXFileReference; lastKnownFileType = sourcecode.c.objc; path = main.m; sourceTree = "<group>"; };
		963DB6CA1A92160100B72CA5 /* AppDelegate.h */ = {isa = PBXFileReference; lastKnownFileType = sourcecode.c.h; path = AppDelegate.h; sourceTree = "<group>"; };
		963DB6CB1A92160100B72CA5 /* AppDelegate.m */ = {isa = PBXFileReference; lastKnownFileType = sourcecode.c.objc; path = AppDelegate.m; sourceTree = "<group>"; };
		963DB6CE1A92160100B72CA5 /* PurchaseD.xcdatamodel */ = {isa = PBXFileReference; lastKnownFileType = wrapper.xcdatamodel; path = PurchaseD.xcdatamodel; sourceTree = "<group>"; };
		963DB6D41A92160100B72CA5 /* Base */ = {isa = PBXFileReference; lastKnownFileType = file.storyboard; name = Base; path = Base.lproj/Main.storyboard; sourceTree = "<group>"; };
		963DB6D61A92160100B72CA5 /* Images.xcassets */ = {isa = PBXFileReference; lastKnownFileType = folder.assetcatalog; path = Images.xcassets; sourceTree = "<group>"; };
		963DB6D91A92160100B72CA5 /* Base */ = {isa = PBXFileReference; lastKnownFileType = file.xib; name = Base; path = Base.lproj/LaunchScreen.xib; sourceTree = "<group>"; };
		963DB6DF1A92160100B72CA5 /* PurchaseDTests.xctest */ = {isa = PBXFileReference; explicitFileType = wrapper.cfbundle; includeInIndex = 0; path = PurchaseDTests.xctest; sourceTree = BUILT_PRODUCTS_DIR; };
		963DB6E41A92160100B72CA5 /* Info.plist */ = {isa = PBXFileReference; lastKnownFileType = text.plist.xml; path = Info.plist; sourceTree = "<group>"; };
		963DB6E51A92160100B72CA5 /* PurchaseDTests.m */ = {isa = PBXFileReference; lastKnownFileType = sourcecode.c.objc; path = PurchaseDTests.m; sourceTree = "<group>"; };
		964BA9C21A9B1017004F6585 /* PurchaseD 2.xcdatamodel */ = {isa = PBXFileReference; lastKnownFileType = wrapper.xcdatamodel; path = "PurchaseD 2.xcdatamodel"; sourceTree = "<group>"; };
/* End PBXFileReference section */

/* Begin PBXFrameworksBuildPhase section */
		963DB6C01A92160100B72CA5 /* Frameworks */ = {
			isa = PBXFrameworksBuildPhase;
			buildActionMask = 2147483647;
			files = (
			);
			runOnlyForDeploymentPostprocessing = 0;
		};
		963DB6DC1A92160100B72CA5 /* Frameworks */ = {
			isa = PBXFrameworksBuildPhase;
			buildActionMask = 2147483647;
			files = (
			);
			runOnlyForDeploymentPostprocessing = 0;
		};
/* End PBXFrameworksBuildPhase section */

/* Begin PBXGroup section */
		963DB6BA1A92160100B72CA5 = {
			isa = PBXGroup;
			children = (
				963DB6C51A92160100B72CA5 /* PurchaseD */,
				963DB6E21A92160100B72CA5 /* PurchaseDTests */,
				963DB6C41A92160100B72CA5 /* Products */,
			);
			sourceTree = "<group>";
		};
		963DB6C41A92160100B72CA5 /* Products */ = {
			isa = PBXGroup;
			children = (
				963DB6C31A92160100B72CA5 /* PurchaseD.app */,
				963DB6DF1A92160100B72CA5 /* PurchaseDTests.xctest */,
			);
			name = Products;
			sourceTree = "<group>";
		};
		963DB6C51A92160100B72CA5 /* PurchaseD */ = {
			isa = PBXGroup;
			children = (
				963DB6CA1A92160100B72CA5 /* AppDelegate.h */,
				963DB6CB1A92160100B72CA5 /* AppDelegate.m */,
				9632B9971A92FC0B00571DE3 /* PurchaseViewController.h */,
				9632B9981A92FC0B00571DE3 /* PurchaseViewController.m */,
				9632B99A1A93003600571DE3 /* TableViewCellPurchase.h */,
				9632B99B1A93003600571DE3 /* TableViewCellPurchase.m */,
				960195871A93105800B8ED89 /* AddNewPurchaseViewController.h */,
				960195881A93105800B8ED89 /* AddNewPurchaseViewController.m */,
				9601958A1A934DC600B8ED89 /* CardViewController.h */,
				9601958B1A934DC600B8ED89 /* CardViewController.m */,
				9601958D1A934DEB00B8ED89 /* AddCardViewController.h */,
				9601958E1A934DEB00B8ED89 /* AddCardViewController.m */,
				960195901A93525200B8ED89 /* ReceiverViewController.h */,
				960195911A93525200B8ED89 /* ReceiverViewController.m */,
				960195931A93526B00B8ED89 /* AddReceiverViewController.h */,
				960195941A93526B00B8ED89 /* AddReceiverViewController.m */,
				963DB6D31A92160100B72CA5 /* Main.storyboard */,
				963DB6D61A92160100B72CA5 /* Images.xcassets */,
				963DB6D81A92160100B72CA5 /* LaunchScreen.xib */,
				963DB6CD1A92160100B72CA5 /* PurchaseD.xcdatamodeld */,
				963DB6C61A92160100B72CA5 /* Supporting Files */,
			);
			path = PurchaseD;
			sourceTree = "<group>";
		};
		963DB6C61A92160100B72CA5 /* Supporting Files */ = {
			isa = PBXGroup;
			children = (
				963DB6C71A92160100B72CA5 /* Info.plist */,
				963DB6C81A92160100B72CA5 /* main.m */,
			);
			name = "Supporting Files";
			sourceTree = "<group>";
		};
		963DB6E21A92160100B72CA5 /* PurchaseDTests */ = {
			isa = PBXGroup;
			children = (
				963DB6E51A92160100B72CA5 /* PurchaseDTests.m */,
				963DB6E31A92160100B72CA5 /* Supporting Files */,
			);
			path = PurchaseDTests;
			sourceTree = "<group>";
		};
		963DB6E31A92160100B72CA5 /* Supporting Files */ = {
			isa = PBXGroup;
			children = (
				963DB6E41A92160100B72CA5 /* Info.plist */,
			);
			name = "Supporting Files";
			sourceTree = "<group>";
		};
/* End PBXGroup section */

/* Begin PBXNativeTarget section */
		963DB6C21A92160100B72CA5 /* PurchaseD */ = {
			isa = PBXNativeTarget;
			buildConfigurationList = 963DB6E91A92160100B72CA5 /* Build configuration list for PBXNativeTarget "PurchaseD" */;
			buildPhases = (
				963DB6BF1A92160100B72CA5 /* Sources */,
				963DB6C01A92160100B72CA5 /* Frameworks */,
				963DB6C11A92160100B72CA5 /* Resources */,
			);
			buildRules = (
			);
			dependencies = (
			);
			name = PurchaseD;
			productName = PurchaseD;
			productReference = 963DB6C31A92160100B72CA5 /* PurchaseD.app */;
			productType = "com.apple.product-type.application";
		};
		963DB6DE1A92160100B72CA5 /* PurchaseDTests */ = {
			isa = PBXNativeTarget;
			buildConfigurationList = 963DB6EC1A92160100B72CA5 /* Build configuration list for PBXNativeTarget "PurchaseDTests" */;
			buildPhases = (
				963DB6DB1A92160100B72CA5 /* Sources */,
				963DB6DC1A92160100B72CA5 /* Frameworks */,
				963DB6DD1A92160100B72CA5 /* Resources */,
			);
			buildRules = (
			);
			dependencies = (
				963DB6E11A92160100B72CA5 /* PBXTargetDependency */,
			);
			name = PurchaseDTests;
			productName = PurchaseDTests;
			productReference = 963DB6DF1A92160100B72CA5 /* PurchaseDTests.xctest */;
			productType = "com.apple.product-type.bundle.unit-test";
		};
/* End PBXNativeTarget section */

/* Begin PBXProject section */
		963DB6BB1A92160100B72CA5 /* Project object */ = {
			isa = PBXProject;
			attributes = {
				LastUpgradeCheck = 0630;
				ORGANIZATIONNAME = "Charis Communication";
				TargetAttributes = {
					963DB6C21A92160100B72CA5 = {
						CreatedOnToolsVersion = 6.1.1;
						DevelopmentTeam = L8FJCDR4QF;
					};
					963DB6DE1A92160100B72CA5 = {
						CreatedOnToolsVersion = 6.1.1;
						TestTargetID = 963DB6C21A92160100B72CA5;
					};
				};
			};
			buildConfigurationList = 963DB6BE1A92160100B72CA5 /* Build configuration list for PBXProject "PurchaseD" */;
			compatibilityVersion = "Xcode 3.2";
			developmentRegion = English;
			hasScannedForEncodings = 0;
			knownRegions = (
				en,
				Base,
			);
			mainGroup = 963DB6BA1A92160100B72CA5;
			productRefGroup = 963DB6C41A92160100B72CA5 /* Products */;
			projectDirPath = "";
			projectRoot = "";
			targets = (
				963DB6C21A92160100B72CA5 /* PurchaseD */,
				963DB6DE1A92160100B72CA5 /* PurchaseDTests */,
			);
		};
/* End PBXProject section */

/* Begin PBXResourcesBuildPhase section */
		963DB6C11A92160100B72CA5 /* Resources */ = {
			isa = PBXResourcesBuildPhase;
			buildActionMask = 2147483647;
			files = (
				963DB6D51A92160100B72CA5 /* Main.storyboard in Resources */,
				963DB6DA1A92160100B72CA5 /* LaunchScreen.xib in Resources */,
				963DB6D71A92160100B72CA5 /* Images.xcassets in Resources */,
			);
			runOnlyForDeploymentPostprocessing = 0;
		};
		963DB6DD1A92160100B72CA5 /* Resources */ = {
			isa = PBXResourcesBuildPhase;
			buildActionMask = 2147483647;
			files = (
			);
			runOnlyForDeploymentPostprocessing = 0;
		};
/* End PBXResourcesBuildPhase section */

/* Begin PBXSourcesBuildPhase section */
		963DB6BF1A92160100B72CA5 /* Sources */ = {
			isa = PBXSourcesBuildPhase;
			buildActionMask = 2147483647;
			files = (
				963DB6CC1A92160100B72CA5 /* AppDelegate.m in Sources */,
				9603B9161A9F5B33004F9BFA /* ReceiverViewController.m in Sources */,
				9632B9991A92FC0B00571DE3 /* PurchaseViewController.m in Sources */,
				9601958C1A934DC600B8ED89 /* CardViewController.m in Sources */,
				960195951A93526B00B8ED89 /* AddReceiverViewController.m in Sources */,
				9632B99C1A93003600571DE3 /* TableViewCellPurchase.m in Sources */,
				9601958F1A934DEB00B8ED89 /* AddCardViewController.m in Sources */,
				963DB6C91A92160100B72CA5 /* main.m in Sources */,
				960195891A93105800B8ED89 /* AddNewPurchaseViewController.m in Sources */,
				963DB6CF1A92160100B72CA5 /* PurchaseD.xcdatamodeld in Sources */,
			);
			runOnlyForDeploymentPostprocessing = 0;
		};
		963DB6DB1A92160100B72CA5 /* Sources */ = {
			isa = PBXSourcesBuildPhase;
			buildActionMask = 2147483647;
			files = (
				963DB6E61A92160100B72CA5 /* PurchaseDTests.m in Sources */,
			);
			runOnlyForDeploymentPostprocessing = 0;
		};
/* End PBXSourcesBuildPhase section */

/* Begin PBXTargetDependency section */
		963DB6E11A92160100B72CA5 /* PBXTargetDependency */ = {
			isa = PBXTargetDependency;
			target = 963DB6C21A92160100B72CA5 /* PurchaseD */;
			targetProxy = 963DB6E01A92160100B72CA5 /* PBXContainerItemProxy */;
		};
/* End PBXTargetDependency section */

/* Begin PBXVariantGroup section */
		963DB6D31A92160100B72CA5 /* Main.storyboard */ = {
			isa = PBXVariantGroup;
			children = (
				963DB6D41A92160100B72CA5 /* Base */,
			);
			name = Main.storyboard;
			sourceTree = "<group>";
		};
		963DB6D81A92160100B72CA5 /* LaunchScreen.xib */ = {
			isa = PBXVariantGroup;
			children = (
				963DB6D91A92160100B72CA5 /* Base */,
			);
			name = LaunchScreen.xib;
			sourceTree = "<group>";
		};
/* End PBXVariantGroup section */

/* Begin XCBuildConfiguration section */
		963DB6E71A92160100B72CA5 /* Debug */ = {
			isa = XCBuildConfiguration;
			buildSettings = {
				ALWAYS_SEARCH_USER_PATHS = NO;
				CLANG_CXX_LANGUAGE_STANDARD = "gnu++0x";
				CLANG_CXX_LIBRARY = "libc++";
				CLANG_ENABLE_MODULES = YES;
				CLANG_ENABLE_OBJC_ARC = YES;
				CLANG_WARN_BOOL_CONVERSION = YES;
				CLANG_WARN_CONSTANT_CONVERSION = YES;
				CLANG_WARN_DIRECT_OBJC_ISA_USAGE = YES_ERROR;
				CLANG_WARN_EMPTY_BODY = YES;
				CLANG_WARN_ENUM_CONVERSION = YES;
				CLANG_WARN_INT_CONVERSION = YES;
				CLANG_WARN_OBJC_ROOT_CLASS = YES_ERROR;
				CLANG_WARN_UNREACHABLE_CODE = YES;
				CLANG_WARN__DUPLICATE_METHOD_MATCH = YES;
				"CODE_SIGN_IDENTITY[sdk=iphoneos*]" = "iPhone Developer";
				COPY_PHASE_STRIP = NO;
				ENABLE_STRICT_OBJC_MSGSEND = YES;
				GCC_C_LANGUAGE_STANDARD = gnu99;
				GCC_DYNAMIC_NO_PIC = NO;
				GCC_OPTIMIZATION_LEVEL = 0;
				GCC_PREPROCESSOR_DEFINITIONS = (
					"DEBUG=1",
					"$(inherited)",
				);
				GCC_SYMBOLS_PRIVATE_EXTERN = NO;
				GCC_WARN_64_TO_32_BIT_CONVERSION = YES;
				GCC_WARN_ABOUT_RETURN_TYPE = YES_ERROR;
				GCC_WARN_UNDECLARED_SELECTOR = YES;
				GCC_WARN_UNINITIALIZED_AUTOS = YES_AGGRESSIVE;
				GCC_WARN_UNUSED_FUNCTION = YES;
				GCC_WARN_UNUSED_VARIABLE = YES;
				IPHONEOS_DEPLOYMENT_TARGET = 7.1;
				MTL_ENABLE_DEBUG_INFO = YES;
				ONLY_ACTIVE_ARCH = YES;
				SDKROOT = iphoneos;
			};
			name = Debug;
		};
		963DB6E81A92160100B72CA5 /* Release */ = {
			isa = XCBuildConfiguration;
			buildSettings = {
				ALWAYS_SEARCH_USER_PATHS = NO;
				CLANG_CXX_LANGUAGE_STANDARD = "gnu++0x";
				CLANG_CXX_LIBRARY = "libc++";
				CLANG_ENABLE_MODULES = YES;
				CLANG_ENABLE_OBJC_ARC = YES;
				CLANG_WARN_BOOL_CONVERSION = YES;
				CLANG_WARN_CONSTANT_CONVERSION = YES;
				CLANG_WARN_DIRECT_OBJC_ISA_USAGE = YES_ERROR;
				CLANG_WARN_EMPTY_BODY = YES;
				CLANG_WARN_ENUM_CONVERSION = YES;
				CLANG_WARN_INT_CONVERSION = YES;
				CLANG_WARN_OBJC_ROOT_CLASS = YES_ERROR;
				CLANG_WARN_UNREACHABLE_CODE = YES;
				CLANG_WARN__DUPLICATE_METHOD_MATCH = YES;
				"CODE_SIGN_IDENTITY[sdk=iphoneos*]" = "iPhone Developer";
				COPY_PHASE_STRIP = YES;
				ENABLE_NS_ASSERTIONS = NO;
				ENABLE_STRICT_OBJC_MSGSEND = YES;
				GCC_C_LANGUAGE_STANDARD = gnu99;
				GCC_WARN_64_TO_32_BIT_CONVERSION = YES;
				GCC_WARN_ABOUT_RETURN_TYPE = YES_ERROR;
				GCC_WARN_UNDECLARED_SELECTOR = YES;
				GCC_WARN_UNINITIALIZED_AUTOS = YES_AGGRESSIVE;
				GCC_WARN_UNUSED_FUNCTION = YES;
				GCC_WARN_UNUSED_VARIABLE = YES;
				IPHONEOS_DEPLOYMENT_TARGET = 7.1;
				MTL_ENABLE_DEBUG_INFO = NO;
				SDKROOT = iphoneos;
				VALIDATE_PRODUCT = YES;
			};
			name = Release;
		};
		963DB6EA1A92160100B72CA5 /* Debug */ = {
			isa = XCBuildConfiguration;
			buildSettings = {
				ALWAYS_SEARCH_USER_PATHS = YES;
				ASSETCATALOG_COMPILER_APPICON_NAME = AppIcon;
				ASSETCATALOG_COMPILER_LAUNCHIMAGE_NAME = LaunchImage;
				CODE_SIGN_IDENTITY = "iPhone Developer";
				"CODE_SIGN_IDENTITY[sdk=iphoneos*]" = "iPhone Developer";
				HEADER_SEARCH_PATHS = (
					"$(inherited)",
					/Applications/Xcode.app/Contents/Developer/Toolchains/XcodeDefault.xctoolchain/usr/include,
					"\"$(SRCROOT)/../GoogleDriveAPI 2/Source\"/**",
				);
				INFOPLIST_FILE = PurchaseD/Info.plist;
				IPHONEOS_DEPLOYMENT_TARGET = 7.1;
				LD_RUNPATH_SEARCH_PATHS = "$(inherited) @executable_path/Frameworks";
				LIBRARY_SEARCH_PATHS = (
					"$(inherited)",
					"/Users/office/google-api-objectivec-client-read-only/Source/build/Debug-iphoneos",
				);
				OTHER_LDFLAGS = (
					"-ObjC",
					"-all_load",
				);
				"OTHER_LDFLAGS[arch=*]" = (
					"-ObjC",
					"-all_load",
				);
				PRODUCT_NAME = "$(TARGET_NAME)";
				PROVISIONING_PROFILE = "";
				USER_HEADER_SEARCH_PATHS = "\"$(SRCROOT)/../GoogleDriveAPI 2/Source\"/**";
			};
			name = Debug;
		};
		963DB6EB1A92160100B72CA5 /* Release */ = {
			isa = XCBuildConfiguration;
			buildSettings = {
				ALWAYS_SEARCH_USER_PATHS = YES;
				ASSETCATALOG_COMPILER_APPICON_NAME = AppIcon;
				ASSETCATALOG_COMPILER_LAUNCHIMAGE_NAME = LaunchImage;
				CODE_SIGN_IDENTITY = "iPhone Developer";
				"CODE_SIGN_IDENTITY[sdk=iphoneos*]" = "iPhone Developer";
				HEADER_SEARCH_PATHS = (
					"$(inherited)",
					/Applications/Xcode.app/Contents/Developer/Toolchains/XcodeDefault.xctoolchain/usr/include,
					"\"$(SRCROOT)/../GoogleDriveAPI 2/Source\"/**",
				);
				INFOPLIST_FILE = PurchaseD/Info.plist;
				IPHONEOS_DEPLOYMENT_TARGET = 7.1;
				LD_RUNPATH_SEARCH_PATHS = "$(inherited) @executable_path/Frameworks";
				LIBRARY_SEARCH_PATHS = (
					"$(inherited)",
					"/Users/office/google-api-objectivec-client-read-only/Source/build/Debug-iphoneos",
				);
				OTHER_LDFLAGS = (
					"-ObjC",
					"-all_load",
				);
				PRODUCT_NAME = "$(TARGET_NAME)";
				PROVISIONING_PROFILE = "";
				USER_HEADER_SEARCH_PATHS = "\"$(SRCROOT)/../GoogleDriveAPI 2/Source\"/**";
			};
			name = Release;
		};
		963DB6ED1A92160100B72CA5 /* Debug */ = {
			isa = XCBuildConfiguration;
			buildSettings = {
				BUNDLE_LOADER = "$(TEST_HOST)";
				FRAMEWORK_SEARCH_PATHS = (
					"$(SDKROOT)/Developer/Library/Frameworks",
					"$(inherited)",
				);
				GCC_PREPROCESSOR_DEFINITIONS = (
					"DEBUG=1",
					"$(inherited)",
				);
				INFOPLIST_FILE = PurchaseDTests/Info.plist;
				LD_RUNPATH_SEARCH_PATHS = "$(inherited) @executable_path/Frameworks @loader_path/Frameworks";
				PRODUCT_NAME = "$(TARGET_NAME)";
				TEST_HOST = "$(BUILT_PRODUCTS_DIR)/PurchaseD.app/PurchaseD";
			};
			name = Debug;
		};
		963DB6EE1A92160100B72CA5 /* Release */ = {
			isa = XCBuildConfiguration;
			buildSettings = {
				BUNDLE_LOADER = "$(TEST_HOST)";
				FRAMEWORK_SEARCH_PATHS = (
					"$(SDKROOT)/Developer/Library/Frameworks",
					"$(inherited)",
				);
				INFOPLIST_FILE = PurchaseDTests/Info.plist;
				LD_RUNPATH_SEARCH_PATHS = "$(inherited) @executable_path/Frameworks @loader_path/Frameworks";
				PRODUCT_NAME = "$(TARGET_NAME)";
				TEST_HOST = "$(BUILT_PRODUCTS_DIR)/PurchaseD.app/PurchaseD";
			};
			name = Release;
		};
/* End XCBuildConfiguration section */

/* Begin XCConfigurationList section */
		963DB6BE1A92160100B72CA5 /* Build configuration list for PBXProject "PurchaseD" */ = {
			isa = XCConfigurationList;
			buildConfigurations = (
				963DB6E71A92160100B72CA5 /* Debug */,
				963DB6E81A92160100B72CA5 /* Release */,
			);
			defaultConfigurationIsVisible = 0;
			defaultConfigurationName = Release;
		};
		963DB6E91A92160100B72CA5 /* Build configuration list for PBXNativeTarget "PurchaseD" */ = {
			isa = XCConfigurationList;
			buildConfigurations = (
				963DB6EA1A92160100B72CA5 /* Debug */,
				963DB6EB1A92160100B72CA5 /* Release */,
			);
			defaultConfigurationIsVisible = 0;
			defaultConfigurationName = Release;
		};
		963DB6EC1A92160100B72CA5 /* Build configuration list for PBXNativeTarget "PurchaseDTests" */ = {
			isa = XCConfigurationList;
			buildConfigurations = (
				963DB6ED1A92160100B72CA5 /* Debug */,
				963DB6EE1A92160100B72CA5 /* Release */,
			);
			defaultConfigurationIsVisible = 0;
			defaultConfigurationName = Release;
		};
/* End XCConfigurationList section */

/* Begin XCVersionGroup section */
		963DB6CD1A92160100B72CA5 /* PurchaseD.xcdatamodeld */ = {
			isa = XCVersionGroup;
			children = (
				964BA9C21A9B1017004F6585 /* PurchaseD 2.xcdatamodel */,
				963DB6CE1A92160100B72CA5 /* PurchaseD.xcdatamodel */,
			);
			currentVersion = 964BA9C21A9B1017004F6585 /* PurchaseD 2.xcdatamodel */;
			path = PurchaseD.xcdatamodeld;
			sourceTree = "<group>";
			versionGroupType = wrapper.xcdatamodel;
		};
/* End XCVersionGroup section */
	};
	rootObject = 963DB6BB1A92160100B72CA5 /* Project object */;
}
